
Microsoft Visual Studio Solution File, Format Version 12.00
# Visual Studio 15
VisualStudioVersion = 15.0.28010.2050
MinimumVisualStudioVersion = 10.0.40219.1
Project("{FAE04EC0-301F-11D3-BF4B-00C04F79EFBC}") = "Module9.2", "Module9.2\Module9.2.csproj", "{3A26A150-D724-4D86-B679-18B2DC918C14}"
EndProject
Global
	GlobalSection(SolutionConfigurationPlatforms) = preSolution
		Debug|Any CPU = Debug|Any CPU
		Release|Any CPU = Release|Any CPU
	EndGlobalSection
	GlobalSection(ProjectConfigurationPlatforms) = postSolution
		{3A26A150-D724-4D86-B679-18B2DC918C14}.Debug|Any CPU.ActiveCfg = Debug|Any CPU
		{3A26A150-D724-4D86-B679-18B2DC918C14}.Debug|Any CPU.Build.0 = Debug|Any CPU
		{3A26A150-D724-4D86-B679-18B2DC918C14}.Release|Any CPU.ActiveCfg = Release|Any CPU
		{3A26A150-D724-4D86-B679-18B2DC918C14}.Release|Any CPU.Build.0 = Release|Any CPU
	EndGlobalSection
	GlobalSection(SolutionProperties) = preSolution
		HideSolutionNode = FALSE
	EndGlobalSection
	GlobalSection(ExtensibilityGlobals) = postSolution
		SolutionGuid = {86740F50-A52D-4237-9CE2-3FB1C8872FA2}
	EndGlobalSection
EndGlobal
