
Microsoft Visual Studio Solution File, Format Version 12.00
# Visual Studio 15
VisualStudioVersion = 15.0.28010.2050
MinimumVisualStudioVersion = 10.0.40219.1
Project("{FAE04EC0-301F-11D3-BF4B-00C04F79EFBC}") = "Module8.2", "Module8.2\Module8.2.csproj", "{0BDED087-C2E8-4E75-912E-29E963682617}"
EndProject
Global
	GlobalSection(SolutionConfigurationPlatforms) = preSolution
		Debug|Any CPU = Debug|Any CPU
		Release|Any CPU = Release|Any CPU
	EndGlobalSection
	GlobalSection(ProjectConfigurationPlatforms) = postSolution
		{0BDED087-C2E8-4E75-912E-29E963682617}.Debug|Any CPU.ActiveCfg = Debug|Any CPU
		{0BDED087-C2E8-4E75-912E-29E963682617}.Debug|Any CPU.Build.0 = Debug|Any CPU
		{0BDED087-C2E8-4E75-912E-29E963682617}.Release|Any CPU.ActiveCfg = Release|Any CPU
		{0BDED087-C2E8-4E75-912E-29E963682617}.Release|Any CPU.Build.0 = Release|Any CPU
	EndGlobalSection
	GlobalSection(SolutionProperties) = preSolution
		HideSolutionNode = FALSE
	EndGlobalSection
	GlobalSection(ExtensibilityGlobals) = postSolution
		SolutionGuid = {DEC0966B-DF6E-4989-AFE6-07027A7FEB63}
	EndGlobalSection
EndGlobal
