
Microsoft Visual Studio Solution File, Format Version 12.00
# Visual Studio 15
VisualStudioVersion = 15.0.28010.2050
MinimumVisualStudioVersion = 10.0.40219.1
Project("{FAE04EC0-301F-11D3-BF4B-00C04F79EFBC}") = "Module7.1", "Module7.1\Module7.1.csproj", "{DE84C07A-280B-4A56-A901-CB043FA0319D}"
EndProject
Global
	GlobalSection(SolutionConfigurationPlatforms) = preSolution
		Debug|Any CPU = Debug|Any CPU
		Release|Any CPU = Release|Any CPU
	EndGlobalSection
	GlobalSection(ProjectConfigurationPlatforms) = postSolution
		{DE84C07A-280B-4A56-A901-CB043FA0319D}.Debug|Any CPU.ActiveCfg = Debug|Any CPU
		{DE84C07A-280B-4A56-A901-CB043FA0319D}.Debug|Any CPU.Build.0 = Debug|Any CPU
		{DE84C07A-280B-4A56-A901-CB043FA0319D}.Release|Any CPU.ActiveCfg = Release|Any CPU
		{DE84C07A-280B-4A56-A901-CB043FA0319D}.Release|Any CPU.Build.0 = Release|Any CPU
	EndGlobalSection
	GlobalSection(SolutionProperties) = preSolution
		HideSolutionNode = FALSE
	EndGlobalSection
	GlobalSection(ExtensibilityGlobals) = postSolution
		SolutionGuid = {4F7BFF8F-15E6-4EE0-AB05-54C253FBAE93}
	EndGlobalSection
EndGlobal
