
Microsoft Visual Studio Solution File, Format Version 12.00
# Visual Studio 15
VisualStudioVersion = 15.0.28010.2050
MinimumVisualStudioVersion = 10.0.40219.1
Project("{FAE04EC0-301F-11D3-BF4B-00C04F79EFBC}") = "Module6", "Module6\Module6.csproj", "{CDB8096E-1ACB-447B-9B41-B9D82C90B93A}"
EndProject
Global
	GlobalSection(SolutionConfigurationPlatforms) = preSolution
		Debug|Any CPU = Debug|Any CPU
		Release|Any CPU = Release|Any CPU
	EndGlobalSection
	GlobalSection(ProjectConfigurationPlatforms) = postSolution
		{CDB8096E-1ACB-447B-9B41-B9D82C90B93A}.Debug|Any CPU.ActiveCfg = Debug|Any CPU
		{CDB8096E-1ACB-447B-9B41-B9D82C90B93A}.Debug|Any CPU.Build.0 = Debug|Any CPU
		{CDB8096E-1ACB-447B-9B41-B9D82C90B93A}.Release|Any CPU.ActiveCfg = Release|Any CPU
		{CDB8096E-1ACB-447B-9B41-B9D82C90B93A}.Release|Any CPU.Build.0 = Release|Any CPU
	EndGlobalSection
	GlobalSection(SolutionProperties) = preSolution
		HideSolutionNode = FALSE
	EndGlobalSection
	GlobalSection(ExtensibilityGlobals) = postSolution
		SolutionGuid = {1EC4B162-54BB-41F2-B015-F9191E2C15A3}
	EndGlobalSection
EndGlobal
