
Microsoft Visual Studio Solution File, Format Version 12.00
# Visual Studio 15
VisualStudioVersion = 15.0.28010.2050
MinimumVisualStudioVersion = 10.0.40219.1
Project("{FAE04EC0-301F-11D3-BF4B-00C04F79EFBC}") = "Module6.1", "Module6.1\Module6.1.csproj", "{751C5F7E-BF47-4C44-B836-D833C094D8AD}"
EndProject
Global
	GlobalSection(SolutionConfigurationPlatforms) = preSolution
		Debug|Any CPU = Debug|Any CPU
		Release|Any CPU = Release|Any CPU
	EndGlobalSection
	GlobalSection(ProjectConfigurationPlatforms) = postSolution
		{751C5F7E-BF47-4C44-B836-D833C094D8AD}.Debug|Any CPU.ActiveCfg = Debug|Any CPU
		{751C5F7E-BF47-4C44-B836-D833C094D8AD}.Debug|Any CPU.Build.0 = Debug|Any CPU
		{751C5F7E-BF47-4C44-B836-D833C094D8AD}.Release|Any CPU.ActiveCfg = Release|Any CPU
		{751C5F7E-BF47-4C44-B836-D833C094D8AD}.Release|Any CPU.Build.0 = Release|Any CPU
	EndGlobalSection
	GlobalSection(SolutionProperties) = preSolution
		HideSolutionNode = FALSE
	EndGlobalSection
	GlobalSection(ExtensibilityGlobals) = postSolution
		SolutionGuid = {2B38927A-2809-4803-B0C4-EF75CB50142A}
	EndGlobalSection
EndGlobal
