
Microsoft Visual Studio Solution File, Format Version 12.00
# Visual Studio 15
VisualStudioVersion = 15.0.28010.2050
MinimumVisualStudioVersion = 10.0.40219.1
Project("{FAE04EC0-301F-11D3-BF4B-00C04F79EFBC}") = "Module6.4", "Module6.4\Module6.4.csproj", "{0E457664-CB72-4898-92CB-02DDDEF7917B}"
EndProject
Global
	GlobalSection(SolutionConfigurationPlatforms) = preSolution
		Debug|Any CPU = Debug|Any CPU
		Release|Any CPU = Release|Any CPU
	EndGlobalSection
	GlobalSection(ProjectConfigurationPlatforms) = postSolution
		{0E457664-CB72-4898-92CB-02DDDEF7917B}.Debug|Any CPU.ActiveCfg = Debug|Any CPU
		{0E457664-CB72-4898-92CB-02DDDEF7917B}.Debug|Any CPU.Build.0 = Debug|Any CPU
		{0E457664-CB72-4898-92CB-02DDDEF7917B}.Release|Any CPU.ActiveCfg = Release|Any CPU
		{0E457664-CB72-4898-92CB-02DDDEF7917B}.Release|Any CPU.Build.0 = Release|Any CPU
	EndGlobalSection
	GlobalSection(SolutionProperties) = preSolution
		HideSolutionNode = FALSE
	EndGlobalSection
	GlobalSection(ExtensibilityGlobals) = postSolution
		SolutionGuid = {0C34E1D3-CA56-4D85-8A86-78C1DBEC6A8F}
	EndGlobalSection
EndGlobal
