
Microsoft Visual Studio Solution File, Format Version 12.00
# Visual Studio 15
VisualStudioVersion = 15.0.28010.2050
MinimumVisualStudioVersion = 10.0.40219.1
Project("{FAE04EC0-301F-11D3-BF4B-00C04F79EFBC}") = "Module10.4", "Module10.4\Module10.4.csproj", "{D607334F-2AFF-44C4-83C4-16C5D40322D1}"
EndProject
Global
	GlobalSection(SolutionConfigurationPlatforms) = preSolution
		Debug|Any CPU = Debug|Any CPU
		Release|Any CPU = Release|Any CPU
	EndGlobalSection
	GlobalSection(ProjectConfigurationPlatforms) = postSolution
		{D607334F-2AFF-44C4-83C4-16C5D40322D1}.Debug|Any CPU.ActiveCfg = Debug|Any CPU
		{D607334F-2AFF-44C4-83C4-16C5D40322D1}.Debug|Any CPU.Build.0 = Debug|Any CPU
		{D607334F-2AFF-44C4-83C4-16C5D40322D1}.Release|Any CPU.ActiveCfg = Release|Any CPU
		{D607334F-2AFF-44C4-83C4-16C5D40322D1}.Release|Any CPU.Build.0 = Release|Any CPU
	EndGlobalSection
	GlobalSection(SolutionProperties) = preSolution
		HideSolutionNode = FALSE
	EndGlobalSection
	GlobalSection(ExtensibilityGlobals) = postSolution
		SolutionGuid = {69C7CBAF-8198-495C-ACBA-59A3A7671F74}
	EndGlobalSection
EndGlobal
