
Microsoft Visual Studio Solution File, Format Version 12.00
# Visual Studio 15
VisualStudioVersion = 15.0.28010.2050
MinimumVisualStudioVersion = 10.0.40219.1
Project("{FAE04EC0-301F-11D3-BF4B-00C04F79EFBC}") = "Webbapp", "Webbapp\Webbapp.csproj", "{D7A7A2E4-E1A3-4FAF-8D73-EBFE8FC550CF}"
EndProject
Global
	GlobalSection(SolutionConfigurationPlatforms) = preSolution
		Debug|Any CPU = Debug|Any CPU
		Release|Any CPU = Release|Any CPU
	EndGlobalSection
	GlobalSection(ProjectConfigurationPlatforms) = postSolution
		{D7A7A2E4-E1A3-4FAF-8D73-EBFE8FC550CF}.Debug|Any CPU.ActiveCfg = Debug|Any CPU
		{D7A7A2E4-E1A3-4FAF-8D73-EBFE8FC550CF}.Debug|Any CPU.Build.0 = Debug|Any CPU
		{D7A7A2E4-E1A3-4FAF-8D73-EBFE8FC550CF}.Release|Any CPU.ActiveCfg = Release|Any CPU
		{D7A7A2E4-E1A3-4FAF-8D73-EBFE8FC550CF}.Release|Any CPU.Build.0 = Release|Any CPU
	EndGlobalSection
	GlobalSection(SolutionProperties) = preSolution
		HideSolutionNode = FALSE
	EndGlobalSection
	GlobalSection(ExtensibilityGlobals) = postSolution
		SolutionGuid = {D4E7306D-A453-48F5-B022-C0AA834D1090}
	EndGlobalSection
EndGlobal
