
Microsoft Visual Studio Solution File, Format Version 12.00
# Visual Studio 15
VisualStudioVersion = 15.0.28010.2050
MinimumVisualStudioVersion = 10.0.40219.1
Project("{FAE04EC0-301F-11D3-BF4B-00C04F79EFBC}") = "Module10LEK", "Module10LEK\Module10LEK.csproj", "{0BA292DB-09CB-4793-99F1-BBD384B3D099}"
EndProject
Global
	GlobalSection(SolutionConfigurationPlatforms) = preSolution
		Debug|Any CPU = Debug|Any CPU
		Release|Any CPU = Release|Any CPU
	EndGlobalSection
	GlobalSection(ProjectConfigurationPlatforms) = postSolution
		{0BA292DB-09CB-4793-99F1-BBD384B3D099}.Debug|Any CPU.ActiveCfg = Debug|Any CPU
		{0BA292DB-09CB-4793-99F1-BBD384B3D099}.Debug|Any CPU.Build.0 = Debug|Any CPU
		{0BA292DB-09CB-4793-99F1-BBD384B3D099}.Release|Any CPU.ActiveCfg = Release|Any CPU
		{0BA292DB-09CB-4793-99F1-BBD384B3D099}.Release|Any CPU.Build.0 = Release|Any CPU
	EndGlobalSection
	GlobalSection(SolutionProperties) = preSolution
		HideSolutionNode = FALSE
	EndGlobalSection
	GlobalSection(ExtensibilityGlobals) = postSolution
		SolutionGuid = {85018797-3B47-4765-8EDE-86EDC817BD07}
	EndGlobalSection
EndGlobal
