
Microsoft Visual Studio Solution File, Format Version 12.00
# Visual Studio 15
VisualStudioVersion = 15.0.28010.2050
MinimumVisualStudioVersion = 10.0.40219.1
Project("{FAE04EC0-301F-11D3-BF4B-00C04F79EFBC}") = "Miniprojekt01", "Miniprojekt01\Miniprojekt01.csproj", "{A2102322-C4E6-46F5-AEA7-85ECCD5379DC}"
EndProject
Global
	GlobalSection(SolutionConfigurationPlatforms) = preSolution
		Debug|Any CPU = Debug|Any CPU
		Release|Any CPU = Release|Any CPU
	EndGlobalSection
	GlobalSection(ProjectConfigurationPlatforms) = postSolution
		{A2102322-C4E6-46F5-AEA7-85ECCD5379DC}.Debug|Any CPU.ActiveCfg = Debug|Any CPU
		{A2102322-C4E6-46F5-AEA7-85ECCD5379DC}.Debug|Any CPU.Build.0 = Debug|Any CPU
		{A2102322-C4E6-46F5-AEA7-85ECCD5379DC}.Release|Any CPU.ActiveCfg = Release|Any CPU
		{A2102322-C4E6-46F5-AEA7-85ECCD5379DC}.Release|Any CPU.Build.0 = Release|Any CPU
	EndGlobalSection
	GlobalSection(SolutionProperties) = preSolution
		HideSolutionNode = FALSE
	EndGlobalSection
	GlobalSection(ExtensibilityGlobals) = postSolution
		SolutionGuid = {B073195E-C841-48EA-B4DF-50587A6BEAF9}
	EndGlobalSection
EndGlobal
